<?xml version="1.0" encoding="UTF-8" standalone="yes" ?>
<CodeBlocks_project_file>
	<FileVersion major="1" minor="6" />
	<Project>
		<Option title="OthelloBetter" />
		<Option pch_mode="2" />
		<Option compiler="gcc" />
		<Build>
			<Target title="Debug">
				<Option output="bin\Debug\OthelloBetter" prefix_auto="1" extension_auto="1" />
				<Option object_output="obj\Debug\" />
				<Option type="1" />
				<Option compiler="gcc" />
				<Compiler>
					<Add option="-g" />
				</Compiler>
			</Target>
			<Target title="Release">
				<Option output="bin\Release\OthelloBetter" prefix_auto="1" extension_auto="1" />
				<Option object_output="obj\Release\" />
				<Option type="1" />
				<Option compiler="gcc" />
				<Compiler>
					<Add option="-O2" />
				</Compiler>
				<Linker>
					<Add option="-s" />
				</Linker>
			</Target>
		</Build>
		<Compiler>
			<Add option="-Wall" />
		</Compiler>
		<Unit filename="NOTES.txt" />
		<Unit filename="..\README" />
		<Unit filename="..\ai.cpp" />
		<Unit filename="..\ai.h" />
		<Unit filename="..\cinController.cpp" />
		<Unit filename="..\cinController.h" />
		<Unit filename="..\framework.cpp" />
		<Unit filename="..\framework.h" />
		<Unit filename="..\main.cpp" />
		<Unit filename="..\pathController.cpp" />
		<Unit filename="..\pathController.h" />
		<Unit filename="..\scanController.cpp" />
		<Unit filename="..\scanController.h" />
		<Unit filename="..\turns.cpp" />
		<Unit filename="..\turns.h" />
		<Unit filename="..\vectorController.cpp" />
		<Unit filename="..\vectorController.h" />
		<Unit filename="..\windowController.cpp" />
		<Unit filename="..\windowController.h" />
		<Extensions>
			<code_completion />
			<debugger />
		</Extensions>
	</Project>
</CodeBlocks_project_file>
